
Microsoft Visual Studio Solution File, Format Version 12.00
# Visual Studio Version 16
VisualStudioVersion = 16.0.30114.105
MinimumVisualStudioVersion = 10.0.40219.1
Project("{2150E333-8FDC-42A3-9474-1A3956D46DE8}") = "_Service", "_Service", "{82927784-6559-40B0-B633-066F237AE9BA}"
EndProject
Project("{2150E333-8FDC-42A3-9474-1A3956D46DE8}") = "Action", "Action", "{CF0A22FD-48EA-4A9D-8679-91B2B65ACB4E}"
EndProject
Project("{9A19103F-16F7-4668-BE54-9A1E7A4F7556}") = "Api", "Action\Api\Api.csproj", "{3923DA4C-24AD-4D20-A01A-08BD69C35282}"
EndProject
Project("{2150E333-8FDC-42A3-9474-1A3956D46DE8}") = "Core", "Core", "{13946C53-E76D-400E-AEA1-8AFFF5DDA34B}"
EndProject
Project("{2150E333-8FDC-42A3-9474-1A3956D46DE8}") = "Infrastructure", "Infrastructure", "{08BF9BF4-7DAC-4256-BDD2-9B7D07AAD531}"
EndProject
Project("{9A19103F-16F7-4668-BE54-9A1E7A4F7556}") = "Domain", "Core\Domain\Domain.csproj", "{B1C5CEC8-2DF7-4D22-8D14-1799B7FBF1EF}"
EndProject
Project("{9A19103F-16F7-4668-BE54-9A1E7A4F7556}") = "Data", "Infrastructure\Data\Data.csproj", "{715EA1B3-721B-4DFE-9801-685646D8F28A}"
EndProject
Project("{2150E333-8FDC-42A3-9474-1A3956D46DE8}") = "Shared", "Shared", "{566580AD-3605-4D2F-99F7-8D2C4031146D}"
EndProject
Project("{2150E333-8FDC-42A3-9474-1A3956D46DE8}") = "Api", "Api", "{28694910-4843-4EF5-8629-AB226BFE1E1C}"
EndProject
Project("{2150E333-8FDC-42A3-9474-1A3956D46DE8}") = "Core", "Core", "{4EDE123F-C8F1-4BBD-8D24-51A982995AFF}"
EndProject
Project("{2150E333-8FDC-42A3-9474-1A3956D46DE8}") = "CrossCutting", "CrossCutting", "{D4300C75-2BD2-45CC-BDA9-264700F52242}"
EndProject
Project("{2150E333-8FDC-42A3-9474-1A3956D46DE8}") = "Infrastructure", "Infrastructure", "{3AD35231-7A47-485D-8312-7155B1847525}"
EndProject
Project("{9A19103F-16F7-4668-BE54-9A1E7A4F7556}") = "Shared.Api", "..\..\shared\src\Shared.Api\Shared.Api.csproj", "{DF8EB2BF-04AC-44E3-9F3B-FBBB816702B2}"
EndProject
Project("{9A19103F-16F7-4668-BE54-9A1E7A4F7556}") = "Shared.Domain", "..\..\shared\src\Domain\Shared.Domain.csproj", "{EAE72BC6-BDA3-4D49-B6AC-15DD3871E9D5}"
EndProject
Project("{9A19103F-16F7-4668-BE54-9A1E7A4F7556}") = "Shared.Tools", "..\..\shared\src\CrossCutting\Shared.Tools.csproj", "{F7459E01-CBEF-4FF9-B267-3B944E7B73D5}"
EndProject
Project("{9A19103F-16F7-4668-BE54-9A1E7A4F7556}") = "Shared.Data", "..\..\shared\src\Infrastructure\Data\Shared.Data.csproj", "{3FD0F112-7725-4BAF-A041-357BC1B168CF}"
EndProject
Global
	GlobalSection(SolutionConfigurationPlatforms) = preSolution
		Debug|Any CPU = Debug|Any CPU
		Release|Any CPU = Release|Any CPU
	EndGlobalSection
	GlobalSection(ProjectConfigurationPlatforms) = postSolution
		{3923DA4C-24AD-4D20-A01A-08BD69C35282}.Debug|Any CPU.ActiveCfg = Debug|Any CPU
		{3923DA4C-24AD-4D20-A01A-08BD69C35282}.Debug|Any CPU.Build.0 = Debug|Any CPU
		{3923DA4C-24AD-4D20-A01A-08BD69C35282}.Release|Any CPU.ActiveCfg = Release|Any CPU
		{3923DA4C-24AD-4D20-A01A-08BD69C35282}.Release|Any CPU.Build.0 = Release|Any CPU
		{B1C5CEC8-2DF7-4D22-8D14-1799B7FBF1EF}.Debug|Any CPU.ActiveCfg = Debug|Any CPU
		{B1C5CEC8-2DF7-4D22-8D14-1799B7FBF1EF}.Debug|Any CPU.Build.0 = Debug|Any CPU
		{B1C5CEC8-2DF7-4D22-8D14-1799B7FBF1EF}.Release|Any CPU.ActiveCfg = Release|Any CPU
		{B1C5CEC8-2DF7-4D22-8D14-1799B7FBF1EF}.Release|Any CPU.Build.0 = Release|Any CPU
		{715EA1B3-721B-4DFE-9801-685646D8F28A}.Debug|Any CPU.ActiveCfg = Debug|Any CPU
		{715EA1B3-721B-4DFE-9801-685646D8F28A}.Debug|Any CPU.Build.0 = Debug|Any CPU
		{715EA1B3-721B-4DFE-9801-685646D8F28A}.Release|Any CPU.ActiveCfg = Release|Any CPU
		{715EA1B3-721B-4DFE-9801-685646D8F28A}.Release|Any CPU.Build.0 = Release|Any CPU
		{DF8EB2BF-04AC-44E3-9F3B-FBBB816702B2}.Debug|Any CPU.ActiveCfg = Debug|Any CPU
		{DF8EB2BF-04AC-44E3-9F3B-FBBB816702B2}.Debug|Any CPU.Build.0 = Debug|Any CPU
		{DF8EB2BF-04AC-44E3-9F3B-FBBB816702B2}.Release|Any CPU.ActiveCfg = Release|Any CPU
		{DF8EB2BF-04AC-44E3-9F3B-FBBB816702B2}.Release|Any CPU.Build.0 = Release|Any CPU
		{EAE72BC6-BDA3-4D49-B6AC-15DD3871E9D5}.Debug|Any CPU.ActiveCfg = Debug|Any CPU
		{EAE72BC6-BDA3-4D49-B6AC-15DD3871E9D5}.Debug|Any CPU.Build.0 = Debug|Any CPU
		{EAE72BC6-BDA3-4D49-B6AC-15DD3871E9D5}.Release|Any CPU.ActiveCfg = Release|Any CPU
		{EAE72BC6-BDA3-4D49-B6AC-15DD3871E9D5}.Release|Any CPU.Build.0 = Release|Any CPU
		{F7459E01-CBEF-4FF9-B267-3B944E7B73D5}.Debug|Any CPU.ActiveCfg = Debug|Any CPU
		{F7459E01-CBEF-4FF9-B267-3B944E7B73D5}.Debug|Any CPU.Build.0 = Debug|Any CPU
		{F7459E01-CBEF-4FF9-B267-3B944E7B73D5}.Release|Any CPU.ActiveCfg = Release|Any CPU
		{F7459E01-CBEF-4FF9-B267-3B944E7B73D5}.Release|Any CPU.Build.0 = Release|Any CPU
		{3FD0F112-7725-4BAF-A041-357BC1B168CF}.Debug|Any CPU.ActiveCfg = Debug|Any CPU
		{3FD0F112-7725-4BAF-A041-357BC1B168CF}.Debug|Any CPU.Build.0 = Debug|Any CPU
		{3FD0F112-7725-4BAF-A041-357BC1B168CF}.Release|Any CPU.ActiveCfg = Release|Any CPU
		{3FD0F112-7725-4BAF-A041-357BC1B168CF}.Release|Any CPU.Build.0 = Release|Any CPU
	EndGlobalSection
	GlobalSection(SolutionProperties) = preSolution
		HideSolutionNode = FALSE
	EndGlobalSection
	GlobalSection(NestedProjects) = preSolution
		{82927784-6559-40B0-B633-066F237AE9BA} = {CF0A22FD-48EA-4A9D-8679-91B2B65ACB4E}
		{3923DA4C-24AD-4D20-A01A-08BD69C35282} = {82927784-6559-40B0-B633-066F237AE9BA}
		{13946C53-E76D-400E-AEA1-8AFFF5DDA34B} = {CF0A22FD-48EA-4A9D-8679-91B2B65ACB4E}
		{08BF9BF4-7DAC-4256-BDD2-9B7D07AAD531} = {CF0A22FD-48EA-4A9D-8679-91B2B65ACB4E}
		{B1C5CEC8-2DF7-4D22-8D14-1799B7FBF1EF} = {13946C53-E76D-400E-AEA1-8AFFF5DDA34B}
		{715EA1B3-721B-4DFE-9801-685646D8F28A} = {08BF9BF4-7DAC-4256-BDD2-9B7D07AAD531}
		{28694910-4843-4EF5-8629-AB226BFE1E1C} = {566580AD-3605-4D2F-99F7-8D2C4031146D}
		{4EDE123F-C8F1-4BBD-8D24-51A982995AFF} = {566580AD-3605-4D2F-99F7-8D2C4031146D}
		{D4300C75-2BD2-45CC-BDA9-264700F52242} = {566580AD-3605-4D2F-99F7-8D2C4031146D}
		{3AD35231-7A47-485D-8312-7155B1847525} = {566580AD-3605-4D2F-99F7-8D2C4031146D}
		{DF8EB2BF-04AC-44E3-9F3B-FBBB816702B2} = {28694910-4843-4EF5-8629-AB226BFE1E1C}
		{EAE72BC6-BDA3-4D49-B6AC-15DD3871E9D5} = {4EDE123F-C8F1-4BBD-8D24-51A982995AFF}
		{F7459E01-CBEF-4FF9-B267-3B944E7B73D5} = {D4300C75-2BD2-45CC-BDA9-264700F52242}
		{3FD0F112-7725-4BAF-A041-357BC1B168CF} = {3AD35231-7A47-485D-8312-7155B1847525}
	EndGlobalSection
	GlobalSection(ExtensibilityGlobals) = postSolution
		SolutionGuid = {D4BAEC21-AE2F-483F-ABE4-29072DB854D8}
	EndGlobalSection
EndGlobal
